
Microsoft Visual Studio Solution File, Format Version 12.00
# Visual Studio 15
VisualStudioVersion = 15.0.28307.329
MinimumVisualStudioVersion = 10.0.40219.1
Project("{9A19103F-16F7-4668-BE54-9A1E7A4F7556}") = "PetClinic", "PetClinic.csproj", "{E3871492-F87A-42FD-B46D-79171470C90A}"
EndProject
Global
	GlobalSection(SolutionConfigurationPlatforms) = preSolution
		Debug|Any CPU = Debug|Any CPU
		Release|Any CPU = Release|Any CPU
	EndGlobalSection
	GlobalSection(ProjectConfigurationPlatforms) = postSolution
		{E3871492-F87A-42FD-B46D-79171470C90A}.Debug|Any CPU.ActiveCfg = Debug|Any CPU
		{E3871492-F87A-42FD-B46D-79171470C90A}.Debug|Any CPU.Build.0 = Debug|Any CPU
		{E3871492-F87A-42FD-B46D-79171470C90A}.Release|Any CPU.ActiveCfg = Release|Any CPU
		{E3871492-F87A-42FD-B46D-79171470C90A}.Release|Any CPU.Build.0 = Release|Any CPU
	EndGlobalSection
	GlobalSection(SolutionProperties) = preSolution
		HideSolutionNode = FALSE
	EndGlobalSection
	GlobalSection(ExtensibilityGlobals) = postSolution
		SolutionGuid = {78220E40-5DDA-49F8-BCB9-9E7ADC3A96A9}
	EndGlobalSection
EndGlobal
