
Microsoft Visual Studio Solution File, Format Version 12.00
# Visual Studio 15
VisualStudioVersion = 15.0.27130.2020
MinimumVisualStudioVersion = 10.0.40219.1
Project("{9A19103F-16F7-4668-BE54-9A1E7A4F7556}") = "1. Single Inheritance", "03. Inheritance - Lab\1. Single Inheritance.csproj", "{7E6FB0B0-630A-4997-94FC-C7B4D67BF684}"
EndProject
Project("{FAE04EC0-301F-11D3-BF4B-00C04F79EFBC}") = "2. Multiple Inheritance", "2.Multiple Inheritance\2. Multiple Inheritance.csproj", "{6C112811-998E-4E71-9A36-984869B1ED23}"
EndProject
Project("{FAE04EC0-301F-11D3-BF4B-00C04F79EFBC}") = "3. Hierarchical Inheritance", "3.Hierarchical Inheritance\3. Hierarchical Inheritance.csproj", "{E507505B-9663-4077-8E5D-910F07B09768}"
EndProject
Project("{FAE04EC0-301F-11D3-BF4B-00C04F79EFBC}") = "4. Random List", "4. Random List\4. Random List.csproj", "{C103DD69-C9D6-4C29-9ABE-E756FC5A86D5}"
EndProject
Project("{FAE04EC0-301F-11D3-BF4B-00C04F79EFBC}") = "5. Storage Box", "5. Storage Box\5. Storage Box.csproj", "{B9465F4E-76B2-4D7E-A782-8CD0FD29391C}"
EndProject
Global
	GlobalSection(SolutionConfigurationPlatforms) = preSolution
		Debug|Any CPU = Debug|Any CPU
		Release|Any CPU = Release|Any CPU
	EndGlobalSection
	GlobalSection(ProjectConfigurationPlatforms) = postSolution
		{7E6FB0B0-630A-4997-94FC-C7B4D67BF684}.Debug|Any CPU.ActiveCfg = Debug|Any CPU
		{7E6FB0B0-630A-4997-94FC-C7B4D67BF684}.Debug|Any CPU.Build.0 = Debug|Any CPU
		{7E6FB0B0-630A-4997-94FC-C7B4D67BF684}.Release|Any CPU.ActiveCfg = Release|Any CPU
		{7E6FB0B0-630A-4997-94FC-C7B4D67BF684}.Release|Any CPU.Build.0 = Release|Any CPU
		{6C112811-998E-4E71-9A36-984869B1ED23}.Debug|Any CPU.ActiveCfg = Debug|Any CPU
		{6C112811-998E-4E71-9A36-984869B1ED23}.Debug|Any CPU.Build.0 = Debug|Any CPU
		{6C112811-998E-4E71-9A36-984869B1ED23}.Release|Any CPU.ActiveCfg = Release|Any CPU
		{6C112811-998E-4E71-9A36-984869B1ED23}.Release|Any CPU.Build.0 = Release|Any CPU
		{E507505B-9663-4077-8E5D-910F07B09768}.Debug|Any CPU.ActiveCfg = Debug|Any CPU
		{E507505B-9663-4077-8E5D-910F07B09768}.Debug|Any CPU.Build.0 = Debug|Any CPU
		{E507505B-9663-4077-8E5D-910F07B09768}.Release|Any CPU.ActiveCfg = Release|Any CPU
		{E507505B-9663-4077-8E5D-910F07B09768}.Release|Any CPU.Build.0 = Release|Any CPU
		{C103DD69-C9D6-4C29-9ABE-E756FC5A86D5}.Debug|Any CPU.ActiveCfg = Debug|Any CPU
		{C103DD69-C9D6-4C29-9ABE-E756FC5A86D5}.Debug|Any CPU.Build.0 = Debug|Any CPU
		{C103DD69-C9D6-4C29-9ABE-E756FC5A86D5}.Release|Any CPU.ActiveCfg = Release|Any CPU
		{C103DD69-C9D6-4C29-9ABE-E756FC5A86D5}.Release|Any CPU.Build.0 = Release|Any CPU
		{B9465F4E-76B2-4D7E-A782-8CD0FD29391C}.Debug|Any CPU.ActiveCfg = Debug|Any CPU
		{B9465F4E-76B2-4D7E-A782-8CD0FD29391C}.Debug|Any CPU.Build.0 = Debug|Any CPU
		{B9465F4E-76B2-4D7E-A782-8CD0FD29391C}.Release|Any CPU.ActiveCfg = Release|Any CPU
		{B9465F4E-76B2-4D7E-A782-8CD0FD29391C}.Release|Any CPU.Build.0 = Release|Any CPU
	EndGlobalSection
	GlobalSection(SolutionProperties) = preSolution
		HideSolutionNode = FALSE
	EndGlobalSection
	GlobalSection(ExtensibilityGlobals) = postSolution
		SolutionGuid = {085C80B3-BEE8-4D82-B0C8-CCCF93E72278}
	EndGlobalSection
EndGlobal
