
Microsoft Visual Studio Solution File, Format Version 12.00
# Visual Studio 15
VisualStudioVersion = 15.0.28010.2036
MinimumVisualStudioVersion = 10.0.40219.1
Project("{FAE04EC0-301F-11D3-BF4B-00C04F79EFBC}") = "XML.App", "ConsoleApp1\XML.App.csproj", "{E1820AD8-C753-4246-BC69-488A1BFA57A9}"
EndProject
Project("{FAE04EC0-301F-11D3-BF4B-00C04F79EFBC}") = "XML.Models", "XML.Models\XML.Models.csproj", "{5F1B292F-178E-4CF3-A672-5F958F8E8A14}"
EndProject
Global
	GlobalSection(SolutionConfigurationPlatforms) = preSolution
		Debug|Any CPU = Debug|Any CPU
		Release|Any CPU = Release|Any CPU
	EndGlobalSection
	GlobalSection(ProjectConfigurationPlatforms) = postSolution
		{E1820AD8-C753-4246-BC69-488A1BFA57A9}.Debug|Any CPU.ActiveCfg = Debug|Any CPU
		{E1820AD8-C753-4246-BC69-488A1BFA57A9}.Debug|Any CPU.Build.0 = Debug|Any CPU
		{E1820AD8-C753-4246-BC69-488A1BFA57A9}.Release|Any CPU.ActiveCfg = Release|Any CPU
		{E1820AD8-C753-4246-BC69-488A1BFA57A9}.Release|Any CPU.Build.0 = Release|Any CPU
		{5F1B292F-178E-4CF3-A672-5F958F8E8A14}.Debug|Any CPU.ActiveCfg = Debug|Any CPU
		{5F1B292F-178E-4CF3-A672-5F958F8E8A14}.Debug|Any CPU.Build.0 = Debug|Any CPU
		{5F1B292F-178E-4CF3-A672-5F958F8E8A14}.Release|Any CPU.ActiveCfg = Release|Any CPU
		{5F1B292F-178E-4CF3-A672-5F958F8E8A14}.Release|Any CPU.Build.0 = Release|Any CPU
	EndGlobalSection
	GlobalSection(SolutionProperties) = preSolution
		HideSolutionNode = FALSE
	EndGlobalSection
	GlobalSection(ExtensibilityGlobals) = postSolution
		SolutionGuid = {7088F1E3-6958-4FD7-9237-F36356B36FDE}
	EndGlobalSection
EndGlobal
