
Microsoft Visual Studio Solution File, Format Version 12.00
# Visual Studio 15
VisualStudioVersion = 15.0.27130.2020
MinimumVisualStudioVersion = 10.0.40219.1
Project("{FAE04EC0-301F-11D3-BF4B-00C04F79EFBC}") = "BettingSysStartUp", "BettingSysStartUp\BettingSysStartUp.csproj", "{80C43A39-AC67-4AC3-8531-B54C6247FE86}"
EndProject
Project("{FAE04EC0-301F-11D3-BF4B-00C04F79EFBC}") = "BettingSysDatabase", "BettingSysDatabase\BettingSysDatabase.csproj", "{C9762E6B-4F23-49A0-A4F6-FC38A894ADF5}"
EndProject
Global
	GlobalSection(SolutionConfigurationPlatforms) = preSolution
		Debug|Any CPU = Debug|Any CPU
		Release|Any CPU = Release|Any CPU
	EndGlobalSection
	GlobalSection(ProjectConfigurationPlatforms) = postSolution
		{80C43A39-AC67-4AC3-8531-B54C6247FE86}.Debug|Any CPU.ActiveCfg = Debug|Any CPU
		{80C43A39-AC67-4AC3-8531-B54C6247FE86}.Debug|Any CPU.Build.0 = Debug|Any CPU
		{80C43A39-AC67-4AC3-8531-B54C6247FE86}.Release|Any CPU.ActiveCfg = Release|Any CPU
		{80C43A39-AC67-4AC3-8531-B54C6247FE86}.Release|Any CPU.Build.0 = Release|Any CPU
		{C9762E6B-4F23-49A0-A4F6-FC38A894ADF5}.Debug|Any CPU.ActiveCfg = Debug|Any CPU
		{C9762E6B-4F23-49A0-A4F6-FC38A894ADF5}.Debug|Any CPU.Build.0 = Debug|Any CPU
		{C9762E6B-4F23-49A0-A4F6-FC38A894ADF5}.Release|Any CPU.ActiveCfg = Release|Any CPU
		{C9762E6B-4F23-49A0-A4F6-FC38A894ADF5}.Release|Any CPU.Build.0 = Release|Any CPU
	EndGlobalSection
	GlobalSection(SolutionProperties) = preSolution
		HideSolutionNode = FALSE
	EndGlobalSection
	GlobalSection(ExtensibilityGlobals) = postSolution
		SolutionGuid = {5F9005CC-4453-487F-8BFC-79B8CD143CBA}
	EndGlobalSection
EndGlobal
