
Microsoft Visual Studio Solution File, Format Version 12.00
# Visual Studio 15
VisualStudioVersion = 15.0.27130.2020
MinimumVisualStudioVersion = 10.0.40219.1
Project("{FAE04EC0-301F-11D3-BF4B-00C04F79EFBC}") = "01. Person", "01. Person\01. Person.csproj", "{C3B61B3F-BA32-4BB3-9F98-1303846819AE}"
EndProject
Project("{FAE04EC0-301F-11D3-BF4B-00C04F79EFBC}") = "02. Book Shop", "02. Book Shop\02. Book Shop.csproj", "{C389699D-D284-49FC-AE60-A12388F87026}"
EndProject
Project("{FAE04EC0-301F-11D3-BF4B-00C04F79EFBC}") = "03. Mankind", "03. Mankind\03. Mankind.csproj", "{8E524716-52D4-4BC5-912D-ED7C6E707585}"
EndProject
Global
	GlobalSection(SolutionConfigurationPlatforms) = preSolution
		Debug|Any CPU = Debug|Any CPU
		Release|Any CPU = Release|Any CPU
	EndGlobalSection
	GlobalSection(ProjectConfigurationPlatforms) = postSolution
		{C3B61B3F-BA32-4BB3-9F98-1303846819AE}.Debug|Any CPU.ActiveCfg = Debug|Any CPU
		{C3B61B3F-BA32-4BB3-9F98-1303846819AE}.Debug|Any CPU.Build.0 = Debug|Any CPU
		{C3B61B3F-BA32-4BB3-9F98-1303846819AE}.Release|Any CPU.ActiveCfg = Release|Any CPU
		{C3B61B3F-BA32-4BB3-9F98-1303846819AE}.Release|Any CPU.Build.0 = Release|Any CPU
		{C389699D-D284-49FC-AE60-A12388F87026}.Debug|Any CPU.ActiveCfg = Debug|Any CPU
		{C389699D-D284-49FC-AE60-A12388F87026}.Debug|Any CPU.Build.0 = Debug|Any CPU
		{C389699D-D284-49FC-AE60-A12388F87026}.Release|Any CPU.ActiveCfg = Release|Any CPU
		{C389699D-D284-49FC-AE60-A12388F87026}.Release|Any CPU.Build.0 = Release|Any CPU
		{8E524716-52D4-4BC5-912D-ED7C6E707585}.Debug|Any CPU.ActiveCfg = Debug|Any CPU
		{8E524716-52D4-4BC5-912D-ED7C6E707585}.Debug|Any CPU.Build.0 = Debug|Any CPU
		{8E524716-52D4-4BC5-912D-ED7C6E707585}.Release|Any CPU.ActiveCfg = Release|Any CPU
		{8E524716-52D4-4BC5-912D-ED7C6E707585}.Release|Any CPU.Build.0 = Release|Any CPU
	EndGlobalSection
	GlobalSection(SolutionProperties) = preSolution
		HideSolutionNode = FALSE
	EndGlobalSection
	GlobalSection(ExtensibilityGlobals) = postSolution
		SolutionGuid = {0910AA22-599B-484E-8C64-F18E6BAF2333}
	EndGlobalSection
EndGlobal
