
Microsoft Visual Studio Solution File, Format Version 12.00
# Visual Studio 15
VisualStudioVersion = 15.0.27130.2020
MinimumVisualStudioVersion = 10.0.40219.1
Project("{FAE04EC0-301F-11D3-BF4B-00C04F79EFBC}") = "HospitalStartUp", "HospitalStartUp\HospitalStartUp.csproj", "{D66B0B6B-3EE6-45EC-9355-06F76032AC0A}"
EndProject
Project("{9A19103F-16F7-4668-BE54-9A1E7A4F7556}") = "HospitalDatabaseInitializer", "HospitalDatabaseInitializer\HospitalDatabaseInitializer.csproj", "{3EB86461-715A-4A1B-AE7C-3AB01A3FA54C}"
EndProject
Project("{FAE04EC0-301F-11D3-BF4B-00C04F79EFBC}") = "HospitalDatabase", "HospitalDatabase\HospitalDatabase.csproj", "{98585587-D23E-499E-AD24-522ED62C2C27}"
EndProject
Global
	GlobalSection(SolutionConfigurationPlatforms) = preSolution
		Debug|Any CPU = Debug|Any CPU
		Release|Any CPU = Release|Any CPU
	EndGlobalSection
	GlobalSection(ProjectConfigurationPlatforms) = postSolution
		{D66B0B6B-3EE6-45EC-9355-06F76032AC0A}.Debug|Any CPU.ActiveCfg = Debug|Any CPU
		{D66B0B6B-3EE6-45EC-9355-06F76032AC0A}.Debug|Any CPU.Build.0 = Debug|Any CPU
		{D66B0B6B-3EE6-45EC-9355-06F76032AC0A}.Release|Any CPU.ActiveCfg = Release|Any CPU
		{D66B0B6B-3EE6-45EC-9355-06F76032AC0A}.Release|Any CPU.Build.0 = Release|Any CPU
		{3EB86461-715A-4A1B-AE7C-3AB01A3FA54C}.Debug|Any CPU.ActiveCfg = Debug|Any CPU
		{3EB86461-715A-4A1B-AE7C-3AB01A3FA54C}.Debug|Any CPU.Build.0 = Debug|Any CPU
		{3EB86461-715A-4A1B-AE7C-3AB01A3FA54C}.Release|Any CPU.ActiveCfg = Release|Any CPU
		{3EB86461-715A-4A1B-AE7C-3AB01A3FA54C}.Release|Any CPU.Build.0 = Release|Any CPU
		{98585587-D23E-499E-AD24-522ED62C2C27}.Debug|Any CPU.ActiveCfg = Debug|Any CPU
		{98585587-D23E-499E-AD24-522ED62C2C27}.Debug|Any CPU.Build.0 = Debug|Any CPU
		{98585587-D23E-499E-AD24-522ED62C2C27}.Release|Any CPU.ActiveCfg = Release|Any CPU
		{98585587-D23E-499E-AD24-522ED62C2C27}.Release|Any CPU.Build.0 = Release|Any CPU
	EndGlobalSection
	GlobalSection(SolutionProperties) = preSolution
		HideSolutionNode = FALSE
	EndGlobalSection
	GlobalSection(ExtensibilityGlobals) = postSolution
		SolutionGuid = {2D2E3865-CC85-4630-AA43-EB55D5E358D1}
	EndGlobalSection
EndGlobal
